
Microsoft Visual Studio Solution File, Format Version 12.00
Project("{2150E333-8FDC-42A3-9474-1A3956D46DE8}") = "src", "src", "{1558D8B1-03A3-4836-9FE0-ADD2541309A4}"
EndProject
Project("{2150E333-8FDC-42A3-9474-1A3956D46DE8}") = "API", "API", "{88B0CA68-F72C-4BF3-8E5A-161D4D987DD1}"
EndProject
Project("{2150E333-8FDC-42A3-9474-1A3956D46DE8}") = "Core", "Core", "{827A5E61-1B64-43AF-B289-BDCBDFE23DC6}"
EndProject
Project("{2150E333-8FDC-42A3-9474-1A3956D46DE8}") = "Infrastructure", "Infrastructure", "{CDE9D196-7534-4F2D-9104-5BB7739F36EF}"
EndProject
Project("{2150E333-8FDC-42A3-9474-1A3956D46DE8}") = "Common", "Common", "{5C0FBB92-0CE3-4AE1-BF1A-A10D81C995D9}"
EndProject
Project("{FAE04EC0-301F-11D3-BF4B-00C04F79EFBC}") = "Tarker.Booking.Domain", "src\Tarker.Booking.Domain\Tarker.Booking.Domain.csproj", "{1B15A069-D9FA-47F7-A0FB-1CFB6DF5D5C0}"
EndProject
Project("{FAE04EC0-301F-11D3-BF4B-00C04F79EFBC}") = "Tarker.Booking.Api", "src\Tarker.Booking.Api\Tarker.Booking.Api.csproj", "{EFEDF922-4286-48CE-B89C-FBC321342670}"
EndProject
Project("{FAE04EC0-301F-11D3-BF4B-00C04F79EFBC}") = "Tarker.Booking.Application", "src\Tarker.Booking.Application\Tarker.Booking.Application.csproj", "{687464E7-9792-4042-B77A-5C3AF79D3B13}"
EndProject
Project("{FAE04EC0-301F-11D3-BF4B-00C04F79EFBC}") = "Tarker.Booking.Persistence", "src\Tarker.Booking.Persistence\Tarker.Booking.Persistence.csproj", "{76872197-FAB4-45E5-ACE5-DB43CF5AB109}"
EndProject
Project("{FAE04EC0-301F-11D3-BF4B-00C04F79EFBC}") = "Tarker.Booking.External", "src\Tarker.Booking.External\Tarker.Booking.External.csproj", "{AB6561F4-F7CC-4CFB-BC09-7C32499E393C}"
EndProject
Project("{FAE04EC0-301F-11D3-BF4B-00C04F79EFBC}") = "Tarker.Booking.Common", "src\Tarker.Booking.Common\Tarker.Booking.Common.csproj", "{51F91F70-3CB2-437F-BC09-4C8C175DCE64}"
EndProject
Global
	GlobalSection(SolutionConfigurationPlatforms) = preSolution
		Debug|Any CPU = Debug|Any CPU
		Release|Any CPU = Release|Any CPU
	EndGlobalSection
	GlobalSection(NestedProjects) = preSolution
		{88B0CA68-F72C-4BF3-8E5A-161D4D987DD1} = {1558D8B1-03A3-4836-9FE0-ADD2541309A4}
		{827A5E61-1B64-43AF-B289-BDCBDFE23DC6} = {1558D8B1-03A3-4836-9FE0-ADD2541309A4}
		{CDE9D196-7534-4F2D-9104-5BB7739F36EF} = {1558D8B1-03A3-4836-9FE0-ADD2541309A4}
		{5C0FBB92-0CE3-4AE1-BF1A-A10D81C995D9} = {1558D8B1-03A3-4836-9FE0-ADD2541309A4}
		{1B15A069-D9FA-47F7-A0FB-1CFB6DF5D5C0} = {827A5E61-1B64-43AF-B289-BDCBDFE23DC6}
		{EFEDF922-4286-48CE-B89C-FBC321342670} = {88B0CA68-F72C-4BF3-8E5A-161D4D987DD1}
		{687464E7-9792-4042-B77A-5C3AF79D3B13} = {827A5E61-1B64-43AF-B289-BDCBDFE23DC6}
		{76872197-FAB4-45E5-ACE5-DB43CF5AB109} = {CDE9D196-7534-4F2D-9104-5BB7739F36EF}
		{AB6561F4-F7CC-4CFB-BC09-7C32499E393C} = {CDE9D196-7534-4F2D-9104-5BB7739F36EF}
		{51F91F70-3CB2-437F-BC09-4C8C175DCE64} = {5C0FBB92-0CE3-4AE1-BF1A-A10D81C995D9}
	EndGlobalSection
	GlobalSection(ProjectConfigurationPlatforms) = postSolution
		{1B15A069-D9FA-47F7-A0FB-1CFB6DF5D5C0}.Debug|Any CPU.ActiveCfg = Debug|Any CPU
		{1B15A069-D9FA-47F7-A0FB-1CFB6DF5D5C0}.Debug|Any CPU.Build.0 = Debug|Any CPU
		{1B15A069-D9FA-47F7-A0FB-1CFB6DF5D5C0}.Release|Any CPU.ActiveCfg = Release|Any CPU
		{1B15A069-D9FA-47F7-A0FB-1CFB6DF5D5C0}.Release|Any CPU.Build.0 = Release|Any CPU
		{EFEDF922-4286-48CE-B89C-FBC321342670}.Debug|Any CPU.ActiveCfg = Debug|Any CPU
		{EFEDF922-4286-48CE-B89C-FBC321342670}.Debug|Any CPU.Build.0 = Debug|Any CPU
		{EFEDF922-4286-48CE-B89C-FBC321342670}.Release|Any CPU.ActiveCfg = Release|Any CPU
		{EFEDF922-4286-48CE-B89C-FBC321342670}.Release|Any CPU.Build.0 = Release|Any CPU
		{687464E7-9792-4042-B77A-5C3AF79D3B13}.Debug|Any CPU.ActiveCfg = Debug|Any CPU
		{687464E7-9792-4042-B77A-5C3AF79D3B13}.Debug|Any CPU.Build.0 = Debug|Any CPU
		{687464E7-9792-4042-B77A-5C3AF79D3B13}.Release|Any CPU.ActiveCfg = Release|Any CPU
		{687464E7-9792-4042-B77A-5C3AF79D3B13}.Release|Any CPU.Build.0 = Release|Any CPU
		{76872197-FAB4-45E5-ACE5-DB43CF5AB109}.Debug|Any CPU.ActiveCfg = Debug|Any CPU
		{76872197-FAB4-45E5-ACE5-DB43CF5AB109}.Debug|Any CPU.Build.0 = Debug|Any CPU
		{76872197-FAB4-45E5-ACE5-DB43CF5AB109}.Release|Any CPU.ActiveCfg = Release|Any CPU
		{76872197-FAB4-45E5-ACE5-DB43CF5AB109}.Release|Any CPU.Build.0 = Release|Any CPU
		{AB6561F4-F7CC-4CFB-BC09-7C32499E393C}.Debug|Any CPU.ActiveCfg = Debug|Any CPU
		{AB6561F4-F7CC-4CFB-BC09-7C32499E393C}.Debug|Any CPU.Build.0 = Debug|Any CPU
		{AB6561F4-F7CC-4CFB-BC09-7C32499E393C}.Release|Any CPU.ActiveCfg = Release|Any CPU
		{AB6561F4-F7CC-4CFB-BC09-7C32499E393C}.Release|Any CPU.Build.0 = Release|Any CPU
		{51F91F70-3CB2-437F-BC09-4C8C175DCE64}.Debug|Any CPU.ActiveCfg = Debug|Any CPU
		{51F91F70-3CB2-437F-BC09-4C8C175DCE64}.Debug|Any CPU.Build.0 = Debug|Any CPU
		{51F91F70-3CB2-437F-BC09-4C8C175DCE64}.Release|Any CPU.ActiveCfg = Release|Any CPU
		{51F91F70-3CB2-437F-BC09-4C8C175DCE64}.Release|Any CPU.Build.0 = Release|Any CPU
	EndGlobalSection
EndGlobal
